// !$*UTF8*$!
{
	archiveVersion = 1;
	classes = {
	};
	objectVersion = 46;
	objects = {

/* Begin PBXBuildFile section */
		17571A991D6351F600917067 /* AppDelegate.swift in Sources */ = {isa = PBXBuildFile; fileRef = 17571A981D6351F600917067 /* AppDelegate.swift */; };
		17571A9E1D6351F600917067 /* Main.storyboard in Resources */ = {isa = PBXBuildFile; fileRef = 17571A9C1D6351F600917067 /* Main.storyboard */; };
		17571AA01D6351F600917067 /* Assets.xcassets in Resources */ = {isa = PBXBuildFile; fileRef = 17571A9F1D6351F600917067 /* Assets.xcassets */; };
		17571AA31D6351F600917067 /* LaunchScreen.storyboard in Resources */ = {isa = PBXBuildFile; fileRef = 17571AA11D6351F600917067 /* LaunchScreen.storyboard */; };
		17571AAB1D6352DA00917067 /* ViewController.swift in Sources */ = {isa = PBXBuildFile; fileRef = 17571AAA1D6352DA00917067 /* ViewController.swift */; };
		17571AAD1D63532600917067 /* NefreshControl.swift in Sources */ = {isa = PBXBuildFile; fileRef = 17571AAC1D63532600917067 /* NefreshControl.swift */; };
/* End PBXBuildFile section */

/* Begin PBXFileReference section */
		17571A951D6351F600917067 /* NefreshControl.app */ = {isa = PBXFileReference; explicitFileType = wrapper.application; includeInIndex = 0; path = NefreshControl.app; sourceTree = BUILT_PRODUCTS_DIR; };
		17571A981D6351F600917067 /* AppDelegate.swift */ = {isa = PBXFileReference; lastKnownFileType = sourcecode.swift; path = AppDelegate.swift; sourceTree = "<group>"; };
		17571A9D1D6351F600917067 /* Base */ = {isa = PBXFileReference; lastKnownFileType = file.storyboard; name = Base; path = Base.lproj/Main.storyboard; sourceTree = "<group>"; };
		17571A9F1D6351F600917067 /* Assets.xcassets */ = {isa = PBXFileReference; lastKnownFileType = folder.assetcatalog; path = Assets.xcassets; sourceTree = "<group>"; };
		17571AA21D6351F600917067 /* Base */ = {isa = PBXFileReference; lastKnownFileType = file.storyboard; name = Base; path = Base.lproj/LaunchScreen.storyboard; sourceTree = "<group>"; };
		17571AA41D6351F600917067 /* Info.plist */ = {isa = PBXFileReference; lastKnownFileType = text.plist.xml; path = Info.plist; sourceTree = "<group>"; };
		17571AAA1D6352DA00917067 /* ViewController.swift */ = {isa = PBXFileReference; fileEncoding = 4; lastKnownFileType = sourcecode.swift; path = ViewController.swift; sourceTree = "<group>"; };
		17571AAC1D63532600917067 /* NefreshControl.swift */ = {isa = PBXFileReference; fileEncoding = 4; lastKnownFileType = sourcecode.swift; path = NefreshControl.swift; sourceTree = "<group>"; };
/* End PBXFileReference section */

/* Begin PBXFrameworksBuildPhase section */
		17571A921D6351F600917067 /* Frameworks */ = {
			isa = PBXFrameworksBuildPhase;
			buildActionMask = 2147483647;
			files = (
			);
			runOnlyForDeploymentPostprocessing = 0;
		};
/* End PBXFrameworksBuildPhase section */

/* Begin PBXGroup section */
		17571A8C1D6351F600917067 = {
			isa = PBXGroup;
			children = (
				17571A971D6351F600917067 /* NefreshControl */,
				17571A961D6351F600917067 /* Products */,
			);
			sourceTree = "<group>";
		};
		17571A961D6351F600917067 /* Products */ = {
			isa = PBXGroup;
			children = (
				17571A951D6351F600917067 /* NefreshControl.app */,
			);
			name = Products;
			sourceTree = "<group>";
		};
		17571A971D6351F600917067 /* NefreshControl */ = {
			isa = PBXGroup;
			children = (
				17571A981D6351F600917067 /* AppDelegate.swift */,
				17571AAA1D6352DA00917067 /* ViewController.swift */,
				17571A9C1D6351F600917067 /* Main.storyboard */,
				17571A9F1D6351F600917067 /* Assets.xcassets */,
				17571AA11D6351F600917067 /* LaunchScreen.storyboard */,
				17571AA41D6351F600917067 /* Info.plist */,
				17571AAC1D63532600917067 /* NefreshControl.swift */,
			);
			path = NefreshControl;
			sourceTree = "<group>";
		};
/* End PBXGroup section */

/* Begin PBXNativeTarget section */
		17571A941D6351F600917067 /* NefreshControl */ = {
			isa = PBXNativeTarget;
			buildConfigurationList = 17571AA71D6351F600917067 /* Build configuration list for PBXNativeTarget "NefreshControl" */;
			buildPhases = (
				17571A911D6351F600917067 /* Sources */,
				17571A921D6351F600917067 /* Frameworks */,
				17571A931D6351F600917067 /* Resources */,
			);
			buildRules = (
			);
			dependencies = (
			);
			name = NefreshControl;
			productName = NefreshControl;
			productReference = 17571A951D6351F600917067 /* NefreshControl.app */;
			productType = "com.apple.product-type.application";
		};
/* End PBXNativeTarget section */

/* Begin PBXProject section */
		17571A8D1D6351F600917067 /* Project object */ = {
			isa = PBXProject;
			attributes = {
				LastSwiftUpdateCheck = 0730;
				LastUpgradeCheck = 0730;
				ORGANIZATIONNAME = "Jakub Hladik";
				TargetAttributes = {
					17571A941D6351F600917067 = {
						CreatedOnToolsVersion = 7.3.1;
						DevelopmentTeam = B634ZUCJKS;
						LastSwiftMigration = 0800;
					};
				};
			};
			buildConfigurationList = 17571A901D6351F600917067 /* Build configuration list for PBXProject "NefreshControl" */;
			compatibilityVersion = "Xcode 3.2";
			developmentRegion = English;
			hasScannedForEncodings = 0;
			knownRegions = (
				en,
				Base,
			);
			mainGroup = 17571A8C1D6351F600917067;
			productRefGroup = 17571A961D6351F600917067 /* Products */;
			projectDirPath = "";
			projectRoot = "";
			targets = (
				17571A941D6351F600917067 /* NefreshControl */,
			);
		};
/* End PBXProject section */

/* Begin PBXResourcesBuildPhase section */
		17571A931D6351F600917067 /* Resources */ = {
			isa = PBXResourcesBuildPhase;
			buildActionMask = 2147483647;
			files = (
				17571AA31D6351F600917067 /* LaunchScreen.storyboard in Resources */,
				17571AA01D6351F600917067 /* Assets.xcassets in Resources */,
				17571A9E1D6351F600917067 /* Main.storyboard in Resources */,
			);
			runOnlyForDeploymentPostprocessing = 0;
		};
/* End PBXResourcesBuildPhase section */

/* Begin PBXSourcesBuildPhase section */
		17571A911D6351F600917067 /* Sources */ = {
			isa = PBXSourcesBuildPhase;
			buildActionMask = 2147483647;
			files = (
				17571AAD1D63532600917067 /* NefreshControl.swift in Sources */,
				17571AAB1D6352DA00917067 /* ViewController.swift in Sources */,
				17571A991D6351F600917067 /* AppDelegate.swift in Sources */,
			);
			runOnlyForDeploymentPostprocessing = 0;
		};
/* End PBXSourcesBuildPhase section */

/* Begin PBXVariantGroup section */
		17571A9C1D6351F600917067 /* Main.storyboard */ = {
			isa = PBXVariantGroup;
			children = (
				17571A9D1D6351F600917067 /* Base */,
			);
			name = Main.storyboard;
			sourceTree = "<group>";
		};
		17571AA11D6351F600917067 /* LaunchScreen.storyboard */ = {
			isa = PBXVariantGroup;
			children = (
				17571AA21D6351F600917067 /* Base */,
			);
			name = LaunchScreen.storyboard;
			sourceTree = "<group>";
		};
/* End PBXVariantGroup section */

/* Begin XCBuildConfiguration section */
		17571AA51D6351F600917067 /* Debug */ = {
			isa = XCBuildConfiguration;
			buildSettings = {
				ALWAYS_SEARCH_USER_PATHS = NO;
				CLANG_ANALYZER_NONNULL = YES;
				CLANG_CXX_LANGUAGE_STANDARD = "gnu++0x";
				CLANG_CXX_LIBRARY = "libc++";
				CLANG_ENABLE_MODULES = YES;
				CLANG_ENABLE_OBJC_ARC = YES;
				CLANG_WARN_BOOL_CONVERSION = YES;
				CLANG_WARN_CONSTANT_CONVERSION = YES;
				CLANG_WARN_DIRECT_OBJC_ISA_USAGE = YES_ERROR;
				CLANG_WARN_EMPTY_BODY = YES;
				CLANG_WARN_ENUM_CONVERSION = YES;
				CLANG_WARN_INT_CONVERSION = YES;
				CLANG_WARN_OBJC_ROOT_CLASS = YES_ERROR;
				CLANG_WARN_UNREACHABLE_CODE = YES;
				CLANG_WARN__DUPLICATE_METHOD_MATCH = YES;
				"CODE_SIGN_IDENTITY[sdk=iphoneos*]" = "iPhone Developer";
				COPY_PHASE_STRIP = NO;
				DEBUG_INFORMATION_FORMAT = dwarf;
				ENABLE_STRICT_OBJC_MSGSEND = YES;
				ENABLE_TESTABILITY = YES;
				GCC_C_LANGUAGE_STANDARD = gnu99;
				GCC_DYNAMIC_NO_PIC = NO;
				GCC_NO_COMMON_BLOCKS = YES;
				GCC_OPTIMIZATION_LEVEL = 0;
				GCC_PREPROCESSOR_DEFINITIONS = (
					"DEBUG=1",
					"$(inherited)",
				);
				GCC_WARN_64_TO_32_BIT_CONVERSION = YES;
				GCC_WARN_ABOUT_RETURN_TYPE = YES_ERROR;
				GCC_WARN_UNDECLARED_SELECTOR = YES;
				GCC_WARN_UNINITIALIZED_AUTOS = YES_AGGRESSIVE;
				GCC_WARN_UNUSED_FUNCTION = YES;
				GCC_WARN_UNUSED_VARIABLE = YES;
				IPHONEOS_DEPLOYMENT_TARGET = 9.3;
				MTL_ENABLE_DEBUG_INFO = YES;
				ONLY_ACTIVE_ARCH = YES;
				SDKROOT = iphoneos;
				SWIFT_OPTIMIZATION_LEVEL = "-Onone";
				TARGETED_DEVICE_FAMILY = "1,2";
			};
			name = Debug;
		};
		17571AA61D6351F600917067 /* Release */ = {
			isa = XCBuildConfiguration;
			buildSettings = {
				ALWAYS_SEARCH_USER_PATHS = NO;
				CLANG_ANALYZER_NONNULL = YES;
				CLANG_CXX_LANGUAGE_STANDARD = "gnu++0x";
				CLANG_CXX_LIBRARY = "libc++";
				CLANG_ENABLE_MODULES = YES;
				CLANG_ENABLE_OBJC_ARC = YES;
				CLANG_WARN_BOOL_CONVERSION = YES;
				CLANG_WARN_CONSTANT_CONVERSION = YES;
				CLANG_WARN_DIRECT_OBJC_ISA_USAGE = YES_ERROR;
				CLANG_WARN_EMPTY_BODY = YES;
				CLANG_WARN_ENUM_CONVERSION = YES;
				CLANG_WARN_INT_CONVERSION = YES;
				CLANG_WARN_OBJC_ROOT_CLASS = YES_ERROR;
				CLANG_WARN_UNREACHABLE_CODE = YES;
				CLANG_WARN__DUPLICATE_METHOD_MATCH = YES;
				"CODE_SIGN_IDENTITY[sdk=iphoneos*]" = "iPhone Developer";
				COPY_PHASE_STRIP = NO;
				DEBUG_INFORMATION_FORMAT = "dwarf-with-dsym";
				ENABLE_NS_ASSERTIONS = NO;
				ENABLE_STRICT_OBJC_MSGSEND = YES;
				GCC_C_LANGUAGE_STANDARD = gnu99;
				GCC_NO_COMMON_BLOCKS = YES;
				GCC_WARN_64_TO_32_BIT_CONVERSION = YES;
				GCC_WARN_ABOUT_RETURN_TYPE = YES_ERROR;
				GCC_WARN_UNDECLARED_SELECTOR = YES;
				GCC_WARN_UNINITIALIZED_AUTOS = YES_AGGRESSIVE;
				GCC_WARN_UNUSED_FUNCTION = YES;
				GCC_WARN_UNUSED_VARIABLE = YES;
				IPHONEOS_DEPLOYMENT_TARGET = 9.3;
				MTL_ENABLE_DEBUG_INFO = NO;
				SDKROOT = iphoneos;
				TARGETED_DEVICE_FAMILY = "1,2";
				VALIDATE_PRODUCT = YES;
			};
			name = Release;
		};
		17571AA81D6351F600917067 /* Debug */ = {
			isa = XCBuildConfiguration;
			buildSettings = {
				ASSETCATALOG_COMPILER_APPICON_NAME = AppIcon;
				CODE_SIGN_IDENTITY = "iPhone Developer";
				INFOPLIST_FILE = NefreshControl/Info.plist;
				LD_RUNPATH_SEARCH_PATHS = "$(inherited) @executable_path/Frameworks";
				PRODUCT_BUNDLE_IDENTIFIER = com.kubbing.NefreshControl;
				PRODUCT_NAME = "$(TARGET_NAME)";
				SWIFT_VERSION = 3.0;
			};
			name = Debug;
		};
		17571AA91D6351F600917067 /* Release */ = {
			isa = XCBuildConfiguration;
			buildSettings = {
				ASSETCATALOG_COMPILER_APPICON_NAME = AppIcon;
				CODE_SIGN_IDENTITY = "iPhone Developer";
				INFOPLIST_FILE = NefreshControl/Info.plist;
				LD_RUNPATH_SEARCH_PATHS = "$(inherited) @executable_path/Frameworks";
				PRODUCT_BUNDLE_IDENTIFIER = com.kubbing.NefreshControl;
				PRODUCT_NAME = "$(TARGET_NAME)";
				SWIFT_VERSION = 3.0;
			};
			name = Release;
		};
/* End XCBuildConfiguration section */

/* Begin XCConfigurationList section */
		17571A901D6351F600917067 /* Build configuration list for PBXProject "NefreshControl" */ = {
			isa = XCConfigurationList;
			buildConfigurations = (
				17571AA51D6351F600917067 /* Debug */,
				17571AA61D6351F600917067 /* Release */,
			);
			defaultConfigurationIsVisible = 0;
			defaultConfigurationName = Release;
		};
		17571AA71D6351F600917067 /* Build configuration list for PBXNativeTarget "NefreshControl" */ = {
			isa = XCConfigurationList;
			buildConfigurations = (
				17571AA81D6351F600917067 /* Debug */,
				17571AA91D6351F600917067 /* Release */,
			);
			defaultConfigurationIsVisible = 0;
			defaultConfigurationName = Release;
		};
/* End XCConfigurationList section */
	};
	rootObject = 17571A8D1D6351F600917067 /* Project object */;
}
